
Microsoft Visual Studio Solution File, Format Version 12.00
# Visual Studio Version 16
VisualStudioVersion = 25.0.1703.4
MinimumVisualStudioVersion = 10.0.40219.1
Project("{FAE04EC0-301F-11D3-BF4B-00C04F79EFBC}") = "IBAS-menu", "IBAS-menu.csproj", "{7C9AA9C8-5342-4124-B863-3717BEA6E14E}"
EndProject
Global
	GlobalSection(SolutionConfigurationPlatforms) = preSolution
		Debug|Any CPU = Debug|Any CPU
		Release|Any CPU = Release|Any CPU
	EndGlobalSection
	GlobalSection(ProjectConfigurationPlatforms) = postSolution
		{7C9AA9C8-5342-4124-B863-3717BEA6E14E}.Debug|Any CPU.ActiveCfg = Debug|Any CPU
		{7C9AA9C8-5342-4124-B863-3717BEA6E14E}.Debug|Any CPU.Build.0 = Debug|Any CPU
		{7C9AA9C8-5342-4124-B863-3717BEA6E14E}.Release|Any CPU.ActiveCfg = Release|Any CPU
		{7C9AA9C8-5342-4124-B863-3717BEA6E14E}.Release|Any CPU.Build.0 = Release|Any CPU
	EndGlobalSection
	GlobalSection(SolutionProperties) = preSolution
		HideSolutionNode = FALSE
	EndGlobalSection
	GlobalSection(ExtensibilityGlobals) = postSolution
		SolutionGuid = {A40AE229-B7AD-4CFF-BCC5-84D7FEF6D9BF}
	EndGlobalSection
EndGlobal
